
Microsoft Visual Studio Solution File, Format Version 12.00
# Visual Studio Version 17
VisualStudioVersion = 17.14.36518.9 d17.14
MinimumVisualStudioVersion = 10.0.40219.1
Project("{FAE04EC0-301F-11D3-BF4B-00C04F79EFBC}") = "Logger", "Logger\Logger.csproj", "{03F3E974-7D37-468D-9948-C217D06E51F8}"
EndProject
Global
	GlobalSection(SolutionConfigurationPlatforms) = preSolution
		Debug|Any CPU = Debug|Any CPU
		Release|Any CPU = Release|Any CPU
	EndGlobalSection
	GlobalSection(ProjectConfigurationPlatforms) = postSolution
		{03F3E974-7D37-468D-9948-C217D06E51F8}.Debug|Any CPU.ActiveCfg = Debug|Any CPU
		{03F3E974-7D37-468D-9948-C217D06E51F8}.Debug|Any CPU.Build.0 = Debug|Any CPU
		{03F3E974-7D37-468D-9948-C217D06E51F8}.Release|Any CPU.ActiveCfg = Release|Any CPU
		{03F3E974-7D37-468D-9948-C217D06E51F8}.Release|Any CPU.Build.0 = Release|Any CPU
	EndGlobalSection
	GlobalSection(SolutionProperties) = preSolution
		HideSolutionNode = FALSE
	EndGlobalSection
	GlobalSection(ExtensibilityGlobals) = postSolution
		SolutionGuid = {7600FC00-F126-4239-A8EE-B3B1211CD17D}
	EndGlobalSection
EndGlobal
